// !$*UTF8*$!
{
	archiveVersion = 1;
	classes = {
	};
	objectVersion = 48;
	objects = {

/* Begin PBXBuildFile section */
		F71DAEC020EA2B1200DEE489 /* AppDelegate.swift in Sources */ = {isa = PBXBuildFile; fileRef = F71DAEBF20EA2B1200DEE489 /* AppDelegate.swift */; };
		F71DAEC220EA2B1200DEE489 /* LoginViewController.swift in Sources */ = {isa = PBXBuildFile; fileRef = F71DAEC120EA2B1200DEE489 /* LoginViewController.swift */; };
		F71DAEC520EA2B1200DEE489 /* Main.storyboard in Resources */ = {isa = PBXBuildFile; fileRef = F71DAEC320EA2B1200DEE489 /* Main.storyboard */; };
		F71DAEC720EA2B1200DEE489 /* Assets.xcassets in Resources */ = {isa = PBXBuildFile; fileRef = F71DAEC620EA2B1200DEE489 /* Assets.xcassets */; };
		F71DAECA20EA2B1200DEE489 /* LaunchScreen.storyboard in Resources */ = {isa = PBXBuildFile; fileRef = F71DAEC820EA2B1200DEE489 /* LaunchScreen.storyboard */; };
		F71DAED520EA2B1200DEE489 /* ViperRestaurantsTests.swift in Sources */ = {isa = PBXBuildFile; fileRef = F71DAED420EA2B1200DEE489 /* ViperRestaurantsTests.swift */; };
		F71DAEE120EA393900DEE489 /* LoginViewProtocol.swift in Sources */ = {isa = PBXBuildFile; fileRef = F71DAEE020EA393900DEE489 /* LoginViewProtocol.swift */; };
		F71DAEE320EA433800DEE489 /* NetworkingError.swift in Sources */ = {isa = PBXBuildFile; fileRef = F71DAEE220EA433800DEE489 /* NetworkingError.swift */; };
		F71DAEE520EA43D100DEE489 /* LoginPresenterProtocol.swift in Sources */ = {isa = PBXBuildFile; fileRef = F71DAEE420EA43D100DEE489 /* LoginPresenterProtocol.swift */; };
		F71DAEE720EA440D00DEE489 /* LoginInteractorInputProtocol.swift in Sources */ = {isa = PBXBuildFile; fileRef = F71DAEE620EA440D00DEE489 /* LoginInteractorInputProtocol.swift */; };
		F71DAEE920EA445500DEE489 /* LoginCredentials.swift in Sources */ = {isa = PBXBuildFile; fileRef = F71DAEE820EA445500DEE489 /* LoginCredentials.swift */; };
		F71DAEEB20EA44F700DEE489 /* LoginInteractorOutputProtocol.swift in Sources */ = {isa = PBXBuildFile; fileRef = F71DAEEA20EA44F700DEE489 /* LoginInteractorOutputProtocol.swift */; };
		F71DAEF020EA4A0500DEE489 /* LoginPresenter.swift in Sources */ = {isa = PBXBuildFile; fileRef = F71DAEEF20EA4A0500DEE489 /* LoginPresenter.swift */; };
		F71DAEF220EA4EE500DEE489 /* LoginInteractor.swift in Sources */ = {isa = PBXBuildFile; fileRef = F71DAEF120EA4EE500DEE489 /* LoginInteractor.swift */; };
		F71DAEF420EA5F6E00DEE489 /* LoginNetworkingProtocol.swift in Sources */ = {isa = PBXBuildFile; fileRef = F71DAEF320EA5F6E00DEE489 /* LoginNetworkingProtocol.swift */; };
		F71DAEF620EA5FF000DEE489 /* NetworkingResult.swift in Sources */ = {isa = PBXBuildFile; fileRef = F71DAEF520EA5FF000DEE489 /* NetworkingResult.swift */; };
		F7470FAF20EA6CF1008E21F8 /* Router.swift in Sources */ = {isa = PBXBuildFile; fileRef = F7470FAE20EA6CF1008E21F8 /* Router.swift */; };
		F7470FB120EB54AF008E21F8 /* MockLoginNetworking.swift in Sources */ = {isa = PBXBuildFile; fileRef = F7470FB020EB54AF008E21F8 /* MockLoginNetworking.swift */; };
		F7AFA4F220EBAECD006209CC /* TableViewController.swift in Sources */ = {isa = PBXBuildFile; fileRef = F7AFA4F120EBAECD006209CC /* TableViewController.swift */; };
		F7AFA4F520EBAF13006209CC /* TableViewControllerProtocol.swift in Sources */ = {isa = PBXBuildFile; fileRef = F7AFA4F420EBAF13006209CC /* TableViewControllerProtocol.swift */; };
		F7AFA4F720EBB068006209CC /* TableViewPresenterProtocol.swift in Sources */ = {isa = PBXBuildFile; fileRef = F7AFA4F620EBB068006209CC /* TableViewPresenterProtocol.swift */; };
		F7AFA4FA20EBB0C2006209CC /* TableViewPresenter.swift in Sources */ = {isa = PBXBuildFile; fileRef = F7AFA4F920EBB0C2006209CC /* TableViewPresenter.swift */; };
		F7AFA4FC20EBB0E6006209CC /* TableViewInteractorInputProtocol.swift in Sources */ = {isa = PBXBuildFile; fileRef = F7AFA4FB20EBB0E6006209CC /* TableViewInteractorInputProtocol.swift */; };
		F7AFA4FF20EBB112006209CC /* RestaurantModel.swift in Sources */ = {isa = PBXBuildFile; fileRef = F7AFA4FE20EBB112006209CC /* RestaurantModel.swift */; };
		F7AFA50120EBB1F7006209CC /* TableViewInteractorOutputProtocol.swift in Sources */ = {isa = PBXBuildFile; fileRef = F7AFA50020EBB1F7006209CC /* TableViewInteractorOutputProtocol.swift */; };
		F7AFA50320EBB3B2006209CC /* TableViewInteractor.swift in Sources */ = {isa = PBXBuildFile; fileRef = F7AFA50220EBB3B2006209CC /* TableViewInteractor.swift */; };
		F7AFA50620EBB4D7006209CC /* MockRestaurantListNetworking.swift in Sources */ = {isa = PBXBuildFile; fileRef = F7AFA50520EBB4D7006209CC /* MockRestaurantListNetworking.swift */; };
		F7AFA50820EBBFFD006209CC /* TableNetworkingProtocol.swift in Sources */ = {isa = PBXBuildFile; fileRef = F7AFA50720EBBFFD006209CC /* TableNetworkingProtocol.swift */; };
		F7AFA50C20ECBEA9006209CC /* TableViewCell.swift in Sources */ = {isa = PBXBuildFile; fileRef = F7AFA50B20ECBEA9006209CC /* TableViewCell.swift */; };
		F7CAD3A920ECFEFA00E49827 /* ControllerEnum.swift in Sources */ = {isa = PBXBuildFile; fileRef = F7CAD3A820ECFEFA00E49827 /* ControllerEnum.swift */; };
		F7CAD3C020EE5F1E00E49827 /* DetailViewController.swift in Sources */ = {isa = PBXBuildFile; fileRef = F7CAD3BF20EE5F1E00E49827 /* DetailViewController.swift */; };
		F7CAD3C220EE5F3700E49827 /* DetailViewProtocol.swift in Sources */ = {isa = PBXBuildFile; fileRef = F7CAD3C120EE5F3700E49827 /* DetailViewProtocol.swift */; };
		F7CAD3C420EE5FC100E49827 /* DetailPresenter.swift in Sources */ = {isa = PBXBuildFile; fileRef = F7CAD3C320EE5FC100E49827 /* DetailPresenter.swift */; };
		F7CAD3C620EE5FCF00E49827 /* DetailPresenterProtocol.swift in Sources */ = {isa = PBXBuildFile; fileRef = F7CAD3C520EE5FCF00E49827 /* DetailPresenterProtocol.swift */; };
		F7CAD3C820EE602200E49827 /* DetailInteractor.swift in Sources */ = {isa = PBXBuildFile; fileRef = F7CAD3C720EE602200E49827 /* DetailInteractor.swift */; };
		F7CAD3CA20EE603B00E49827 /* DetailInteractorInputProtocol.swift in Sources */ = {isa = PBXBuildFile; fileRef = F7CAD3C920EE603B00E49827 /* DetailInteractorInputProtocol.swift */; };
		F7CAD3CE20EE63DE00E49827 /* DetailInteractorOutputProtocol.swift in Sources */ = {isa = PBXBuildFile; fileRef = F7CAD3CD20EE63DE00E49827 /* DetailInteractorOutputProtocol.swift */; };
/* End PBXBuildFile section */

/* Begin PBXContainerItemProxy section */
		F71DAED120EA2B1200DEE489 /* PBXContainerItemProxy */ = {
			isa = PBXContainerItemProxy;
			containerPortal = F71DAEB420EA2B1200DEE489 /* Project object */;
			proxyType = 1;
			remoteGlobalIDString = F71DAEBB20EA2B1200DEE489;
			remoteInfo = ViperRestaurants;
		};
/* End PBXContainerItemProxy section */

/* Begin PBXFileReference section */
		F71DAEBC20EA2B1200DEE489 /* ViperRestaurants.app */ = {isa = PBXFileReference; explicitFileType = wrapper.application; includeInIndex = 0; path = ViperRestaurants.app; sourceTree = BUILT_PRODUCTS_DIR; };
		F71DAEBF20EA2B1200DEE489 /* AppDelegate.swift */ = {isa = PBXFileReference; lastKnownFileType = sourcecode.swift; path = AppDelegate.swift; sourceTree = "<group>"; };
		F71DAEC120EA2B1200DEE489 /* LoginViewController.swift */ = {isa = PBXFileReference; lastKnownFileType = sourcecode.swift; path = LoginViewController.swift; sourceTree = "<group>"; };
		F71DAEC420EA2B1200DEE489 /* Base */ = {isa = PBXFileReference; lastKnownFileType = file.storyboard; name = Base; path = Base.lproj/Main.storyboard; sourceTree = "<group>"; };
		F71DAEC620EA2B1200DEE489 /* Assets.xcassets */ = {isa = PBXFileReference; lastKnownFileType = folder.assetcatalog; path = Assets.xcassets; sourceTree = "<group>"; };
		F71DAEC920EA2B1200DEE489 /* Base */ = {isa = PBXFileReference; lastKnownFileType = file.storyboard; name = Base; path = Base.lproj/LaunchScreen.storyboard; sourceTree = "<group>"; };
		F71DAECB20EA2B1200DEE489 /* Info.plist */ = {isa = PBXFileReference; lastKnownFileType = text.plist.xml; path = Info.plist; sourceTree = "<group>"; };
		F71DAED020EA2B1200DEE489 /* ViperRestaurantsTests.xctest */ = {isa = PBXFileReference; explicitFileType = wrapper.cfbundle; includeInIndex = 0; path = ViperRestaurantsTests.xctest; sourceTree = BUILT_PRODUCTS_DIR; };
		F71DAED420EA2B1200DEE489 /* ViperRestaurantsTests.swift */ = {isa = PBXFileReference; lastKnownFileType = sourcecode.swift; path = ViperRestaurantsTests.swift; sourceTree = "<group>"; };
		F71DAED620EA2B1200DEE489 /* Info.plist */ = {isa = PBXFileReference; lastKnownFileType = text.plist.xml; path = Info.plist; sourceTree = "<group>"; };
		F71DAEE020EA393900DEE489 /* LoginViewProtocol.swift */ = {isa = PBXFileReference; lastKnownFileType = sourcecode.swift; path = LoginViewProtocol.swift; sourceTree = "<group>"; };
		F71DAEE220EA433800DEE489 /* NetworkingError.swift */ = {isa = PBXFileReference; lastKnownFileType = sourcecode.swift; path = NetworkingError.swift; sourceTree = "<group>"; };
		F71DAEE420EA43D100DEE489 /* LoginPresenterProtocol.swift */ = {isa = PBXFileReference; lastKnownFileType = sourcecode.swift; path = LoginPresenterProtocol.swift; sourceTree = "<group>"; };
		F71DAEE620EA440D00DEE489 /* LoginInteractorInputProtocol.swift */ = {isa = PBXFileReference; lastKnownFileType = sourcecode.swift; path = LoginInteractorInputProtocol.swift; sourceTree = "<group>"; };
		F71DAEE820EA445500DEE489 /* LoginCredentials.swift */ = {isa = PBXFileReference; lastKnownFileType = sourcecode.swift; path = LoginCredentials.swift; sourceTree = "<group>"; };
		F71DAEEA20EA44F700DEE489 /* LoginInteractorOutputProtocol.swift */ = {isa = PBXFileReference; lastKnownFileType = sourcecode.swift; path = LoginInteractorOutputProtocol.swift; sourceTree = "<group>"; };
		F71DAEEF20EA4A0500DEE489 /* LoginPresenter.swift */ = {isa = PBXFileReference; lastKnownFileType = sourcecode.swift; path = LoginPresenter.swift; sourceTree = "<group>"; };
		F71DAEF120EA4EE500DEE489 /* LoginInteractor.swift */ = {isa = PBXFileReference; lastKnownFileType = sourcecode.swift; path = LoginInteractor.swift; sourceTree = "<group>"; };
		F71DAEF320EA5F6E00DEE489 /* LoginNetworkingProtocol.swift */ = {isa = PBXFileReference; lastKnownFileType = sourcecode.swift; path = LoginNetworkingProtocol.swift; sourceTree = "<group>"; };
		F71DAEF520EA5FF000DEE489 /* NetworkingResult.swift */ = {isa = PBXFileReference; lastKnownFileType = sourcecode.swift; path = NetworkingResult.swift; sourceTree = "<group>"; };
		F7470FAE20EA6CF1008E21F8 /* Router.swift */ = {isa = PBXFileReference; lastKnownFileType = sourcecode.swift; path = Router.swift; sourceTree = "<group>"; };
		F7470FB020EB54AF008E21F8 /* MockLoginNetworking.swift */ = {isa = PBXFileReference; lastKnownFileType = sourcecode.swift; path = MockLoginNetworking.swift; sourceTree = "<group>"; };
		F7AFA4F120EBAECD006209CC /* TableViewController.swift */ = {isa = PBXFileReference; lastKnownFileType = sourcecode.swift; path = TableViewController.swift; sourceTree = "<group>"; };
		F7AFA4F420EBAF13006209CC /* TableViewControllerProtocol.swift */ = {isa = PBXFileReference; lastKnownFileType = sourcecode.swift; path = TableViewControllerProtocol.swift; sourceTree = "<group>"; };
		F7AFA4F620EBB068006209CC /* TableViewPresenterProtocol.swift */ = {isa = PBXFileReference; lastKnownFileType = sourcecode.swift; path = TableViewPresenterProtocol.swift; sourceTree = "<group>"; };
		F7AFA4F920EBB0C2006209CC /* TableViewPresenter.swift */ = {isa = PBXFileReference; lastKnownFileType = sourcecode.swift; path = TableViewPresenter.swift; sourceTree = "<group>"; };
		F7AFA4FB20EBB0E6006209CC /* TableViewInteractorInputProtocol.swift */ = {isa = PBXFileReference; lastKnownFileType = sourcecode.swift; path = TableViewInteractorInputProtocol.swift; sourceTree = "<group>"; };
		F7AFA4FE20EBB112006209CC /* RestaurantModel.swift */ = {isa = PBXFileReference; lastKnownFileType = sourcecode.swift; path = RestaurantModel.swift; sourceTree = "<group>"; };
		F7AFA50020EBB1F7006209CC /* TableViewInteractorOutputProtocol.swift */ = {isa = PBXFileReference; lastKnownFileType = sourcecode.swift; path = TableViewInteractorOutputProtocol.swift; sourceTree = "<group>"; };
		F7AFA50220EBB3B2006209CC /* TableViewInteractor.swift */ = {isa = PBXFileReference; lastKnownFileType = sourcecode.swift; path = TableViewInteractor.swift; sourceTree = "<group>"; };
		F7AFA50520EBB4D7006209CC /* MockRestaurantListNetworking.swift */ = {isa = PBXFileReference; lastKnownFileType = sourcecode.swift; path = MockRestaurantListNetworking.swift; sourceTree = "<group>"; };
		F7AFA50720EBBFFD006209CC /* TableNetworkingProtocol.swift */ = {isa = PBXFileReference; lastKnownFileType = sourcecode.swift; path = TableNetworkingProtocol.swift; sourceTree = "<group>"; };
		F7AFA50B20ECBEA9006209CC /* TableViewCell.swift */ = {isa = PBXFileReference; lastKnownFileType = sourcecode.swift; path = TableViewCell.swift; sourceTree = "<group>"; };
		F7CAD3A820ECFEFA00E49827 /* ControllerEnum.swift */ = {isa = PBXFileReference; lastKnownFileType = sourcecode.swift; path = ControllerEnum.swift; sourceTree = "<group>"; };
		F7CAD3BF20EE5F1E00E49827 /* DetailViewController.swift */ = {isa = PBXFileReference; lastKnownFileType = sourcecode.swift; path = DetailViewController.swift; sourceTree = "<group>"; };
		F7CAD3C120EE5F3700E49827 /* DetailViewProtocol.swift */ = {isa = PBXFileReference; lastKnownFileType = sourcecode.swift; path = DetailViewProtocol.swift; sourceTree = "<group>"; };
		F7CAD3C320EE5FC100E49827 /* DetailPresenter.swift */ = {isa = PBXFileReference; lastKnownFileType = sourcecode.swift; path = DetailPresenter.swift; sourceTree = "<group>"; };
		F7CAD3C520EE5FCF00E49827 /* DetailPresenterProtocol.swift */ = {isa = PBXFileReference; lastKnownFileType = sourcecode.swift; path = DetailPresenterProtocol.swift; sourceTree = "<group>"; };
		F7CAD3C720EE602200E49827 /* DetailInteractor.swift */ = {isa = PBXFileReference; lastKnownFileType = sourcecode.swift; path = DetailInteractor.swift; sourceTree = "<group>"; };
		F7CAD3C920EE603B00E49827 /* DetailInteractorInputProtocol.swift */ = {isa = PBXFileReference; lastKnownFileType = sourcecode.swift; path = DetailInteractorInputProtocol.swift; sourceTree = "<group>"; };
		F7CAD3CD20EE63DE00E49827 /* DetailInteractorOutputProtocol.swift */ = {isa = PBXFileReference; lastKnownFileType = sourcecode.swift; path = DetailInteractorOutputProtocol.swift; sourceTree = "<group>"; };
/* End PBXFileReference section */

/* Begin PBXFrameworksBuildPhase section */
		F71DAEB920EA2B1200DEE489 /* Frameworks */ = {
			isa = PBXFrameworksBuildPhase;
			buildActionMask = 2147483647;
			files = (
			);
			runOnlyForDeploymentPostprocessing = 0;
		};
		F71DAECD20EA2B1200DEE489 /* Frameworks */ = {
			isa = PBXFrameworksBuildPhase;
			buildActionMask = 2147483647;
			files = (
			);
			runOnlyForDeploymentPostprocessing = 0;
		};
/* End PBXFrameworksBuildPhase section */

/* Begin PBXGroup section */
		F71DAEB320EA2B1200DEE489 = {
			isa = PBXGroup;
			children = (
				F71DAEBE20EA2B1200DEE489 /* ViperRestaurants */,
				F71DAED320EA2B1200DEE489 /* ViperRestaurantsTests */,
				F71DAEBD20EA2B1200DEE489 /* Products */,
			);
			sourceTree = "<group>";
		};
		F71DAEBD20EA2B1200DEE489 /* Products */ = {
			isa = PBXGroup;
			children = (
				F71DAEBC20EA2B1200DEE489 /* ViperRestaurants.app */,
				F71DAED020EA2B1200DEE489 /* ViperRestaurantsTests.xctest */,
			);
			name = Products;
			sourceTree = "<group>";
		};
		F71DAEBE20EA2B1200DEE489 /* ViperRestaurants */ = {
			isa = PBXGroup;
			children = (
				F71DAEC320EA2B1200DEE489 /* Main.storyboard */,
				F71DAEBF20EA2B1200DEE489 /* AppDelegate.swift */,
				F7470FAE20EA6CF1008E21F8 /* Router.swift */,
				F7CAD3A820ECFEFA00E49827 /* ControllerEnum.swift */,
				F7CAD3AB20ED0E0800E49827 /* LoginModule */,
				F7CAD3AA20ED0D6500E49827 /* TableViewModule */,
				F7CAD3BA20EE5E9300E49827 /* DetailViewModule */,
				F7CAD3B920ED143800E49827 /* Networking */,
				F7CAD3B820ED141A00E49827 /* Mocks */,
				F71DAEC820EA2B1200DEE489 /* LaunchScreen.storyboard */,
				F71DAEC620EA2B1200DEE489 /* Assets.xcassets */,
				F71DAECB20EA2B1200DEE489 /* Info.plist */,
			);
			path = ViperRestaurants;
			sourceTree = "<group>";
		};
		F71DAED320EA2B1200DEE489 /* ViperRestaurantsTests */ = {
			isa = PBXGroup;
			children = (
				F71DAED420EA2B1200DEE489 /* ViperRestaurantsTests.swift */,
				F71DAED620EA2B1200DEE489 /* Info.plist */,
			);
			path = ViperRestaurantsTests;
			sourceTree = "<group>";
		};
		F7CAD3AA20ED0D6500E49827 /* TableViewModule */ = {
			isa = PBXGroup;
			children = (
				F7AFA4FE20EBB112006209CC /* RestaurantModel.swift */,
				F7CAD3B120ED0F3000E49827 /* View */,
				F7CAD3B220ED0F4000E49827 /* Presenter */,
				F7CAD3B320ED0F5D00E49827 /* Interactor */,
				F7CAD3B420ED0F7000E49827 /* TableViewNetworking */,
			);
			path = TableViewModule;
			sourceTree = "<group>";
		};
		F7CAD3AB20ED0E0800E49827 /* LoginModule */ = {
			isa = PBXGroup;
			children = (
				F71DAEE820EA445500DEE489 /* LoginCredentials.swift */,
				F7CAD3AC20ED0E8000E49827 /* View */,
				F7CAD3AD20ED0E9500E49827 /* Presenter */,
				F7CAD3AF20ED0EBA00E49827 /* Interactor */,
				F7CAD3B020ED0ECA00E49827 /* LoginNetworking */,
			);
			path = LoginModule;
			sourceTree = "<group>";
		};
		F7CAD3AC20ED0E8000E49827 /* View */ = {
			isa = PBXGroup;
			children = (
				F71DAEE020EA393900DEE489 /* LoginViewProtocol.swift */,
				F71DAEC120EA2B1200DEE489 /* LoginViewController.swift */,
			);
			path = View;
			sourceTree = "<group>";
		};
		F7CAD3AD20ED0E9500E49827 /* Presenter */ = {
			isa = PBXGroup;
			children = (
				F71DAEE420EA43D100DEE489 /* LoginPresenterProtocol.swift */,
				F71DAEEA20EA44F700DEE489 /* LoginInteractorOutputProtocol.swift */,
				F71DAEEF20EA4A0500DEE489 /* LoginPresenter.swift */,
			);
			path = Presenter;
			sourceTree = "<group>";
		};
		F7CAD3AF20ED0EBA00E49827 /* Interactor */ = {
			isa = PBXGroup;
			children = (
				F71DAEE620EA440D00DEE489 /* LoginInteractorInputProtocol.swift */,
				F71DAEF120EA4EE500DEE489 /* LoginInteractor.swift */,
			);
			path = Interactor;
			sourceTree = "<group>";
		};
		F7CAD3B020ED0ECA00E49827 /* LoginNetworking */ = {
			isa = PBXGroup;
			children = (
				F71DAEF320EA5F6E00DEE489 /* LoginNetworkingProtocol.swift */,
			);
			path = LoginNetworking;
			sourceTree = "<group>";
		};
		F7CAD3B120ED0F3000E49827 /* View */ = {
			isa = PBXGroup;
			children = (
				F7AFA4F420EBAF13006209CC /* TableViewControllerProtocol.swift */,
				F7AFA4F120EBAECD006209CC /* TableViewController.swift */,
				F7AFA50B20ECBEA9006209CC /* TableViewCell.swift */,
			);
			path = View;
			sourceTree = "<group>";
		};
		F7CAD3B220ED0F4000E49827 /* Presenter */ = {
			isa = PBXGroup;
			children = (
				F7AFA4F620EBB068006209CC /* TableViewPresenterProtocol.swift */,
				F7AFA50020EBB1F7006209CC /* TableViewInteractorOutputProtocol.swift */,
				F7AFA4F920EBB0C2006209CC /* TableViewPresenter.swift */,
			);
			path = Presenter;
			sourceTree = "<group>";
		};
		F7CAD3B320ED0F5D00E49827 /* Interactor */ = {
			isa = PBXGroup;
			children = (
				F7AFA4FB20EBB0E6006209CC /* TableViewInteractorInputProtocol.swift */,
				F7AFA50220EBB3B2006209CC /* TableViewInteractor.swift */,
			);
			path = Interactor;
			sourceTree = "<group>";
		};
		F7CAD3B420ED0F7000E49827 /* TableViewNetworking */ = {
			isa = PBXGroup;
			children = (
				F7AFA50720EBBFFD006209CC /* TableNetworkingProtocol.swift */,
			);
			path = TableViewNetworking;
			sourceTree = "<group>";
		};
		F7CAD3B820ED141A00E49827 /* Mocks */ = {
			isa = PBXGroup;
			children = (
				F7470FB020EB54AF008E21F8 /* MockLoginNetworking.swift */,
				F7AFA50520EBB4D7006209CC /* MockRestaurantListNetworking.swift */,
			);
			path = Mocks;
			sourceTree = "<group>";
		};
		F7CAD3B920ED143800E49827 /* Networking */ = {
			isa = PBXGroup;
			children = (
				F71DAEF520EA5FF000DEE489 /* NetworkingResult.swift */,
				F71DAEE220EA433800DEE489 /* NetworkingError.swift */,
			);
			path = Networking;
			sourceTree = "<group>";
		};
		F7CAD3BA20EE5E9300E49827 /* DetailViewModule */ = {
			isa = PBXGroup;
			children = (
				F7CAD3BB20EE5EB600E49827 /* View */,
				F7CAD3BC20EE5EC500E49827 /* Presenter */,
				F7CAD3BD20EE5ECC00E49827 /* Interactor */,
			);
			path = DetailViewModule;
			sourceTree = "<group>";
		};
		F7CAD3BB20EE5EB600E49827 /* View */ = {
			isa = PBXGroup;
			children = (
				F7CAD3C120EE5F3700E49827 /* DetailViewProtocol.swift */,
				F7CAD3BF20EE5F1E00E49827 /* DetailViewController.swift */,
			);
			path = View;
			sourceTree = "<group>";
		};
		F7CAD3BC20EE5EC500E49827 /* Presenter */ = {
			isa = PBXGroup;
			children = (
				F7CAD3C520EE5FCF00E49827 /* DetailPresenterProtocol.swift */,
				F7CAD3CD20EE63DE00E49827 /* DetailInteractorOutputProtocol.swift */,
				F7CAD3C320EE5FC100E49827 /* DetailPresenter.swift */,
			);
			path = Presenter;
			sourceTree = "<group>";
		};
		F7CAD3BD20EE5ECC00E49827 /* Interactor */ = {
			isa = PBXGroup;
			children = (
				F7CAD3C920EE603B00E49827 /* DetailInteractorInputProtocol.swift */,
				F7CAD3C720EE602200E49827 /* DetailInteractor.swift */,
			);
			path = Interactor;
			sourceTree = "<group>";
		};
/* End PBXGroup section */

/* Begin PBXNativeTarget section */
		F71DAEBB20EA2B1200DEE489 /* ViperRestaurants */ = {
			isa = PBXNativeTarget;
			buildConfigurationList = F71DAED920EA2B1200DEE489 /* Build configuration list for PBXNativeTarget "ViperRestaurants" */;
			buildPhases = (
				F71DAEB820EA2B1200DEE489 /* Sources */,
				F71DAEB920EA2B1200DEE489 /* Frameworks */,
				F71DAEBA20EA2B1200DEE489 /* Resources */,
			);
			buildRules = (
			);
			dependencies = (
			);
			name = ViperRestaurants;
			productName = ViperRestaurants;
			productReference = F71DAEBC20EA2B1200DEE489 /* ViperRestaurants.app */;
			productType = "com.apple.product-type.application";
		};
		F71DAECF20EA2B1200DEE489 /* ViperRestaurantsTests */ = {
			isa = PBXNativeTarget;
			buildConfigurationList = F71DAEDC20EA2B1200DEE489 /* Build configuration list for PBXNativeTarget "ViperRestaurantsTests" */;
			buildPhases = (
				F71DAECC20EA2B1200DEE489 /* Sources */,
				F71DAECD20EA2B1200DEE489 /* Frameworks */,
				F71DAECE20EA2B1200DEE489 /* Resources */,
			);
			buildRules = (
			);
			dependencies = (
				F71DAED220EA2B1200DEE489 /* PBXTargetDependency */,
			);
			name = ViperRestaurantsTests;
			productName = ViperRestaurantsTests;
			productReference = F71DAED020EA2B1200DEE489 /* ViperRestaurantsTests.xctest */;
			productType = "com.apple.product-type.bundle.unit-test";
		};
/* End PBXNativeTarget section */

/* Begin PBXProject section */
		F71DAEB420EA2B1200DEE489 /* Project object */ = {
			isa = PBXProject;
			attributes = {
				LastSwiftUpdateCheck = 0920;
				LastUpgradeCheck = 0920;
				ORGANIZATIONNAME = "Nele Müller";
				TargetAttributes = {
					F71DAEBB20EA2B1200DEE489 = {
						CreatedOnToolsVersion = 9.2;
						ProvisioningStyle = Automatic;
					};
					F71DAECF20EA2B1200DEE489 = {
						CreatedOnToolsVersion = 9.2;
						ProvisioningStyle = Automatic;
						TestTargetID = F71DAEBB20EA2B1200DEE489;
					};
				};
			};
			buildConfigurationList = F71DAEB720EA2B1200DEE489 /* Build configuration list for PBXProject "ViperRestaurants" */;
			compatibilityVersion = "Xcode 8.0";
			developmentRegion = en;
			hasScannedForEncodings = 0;
			knownRegions = (
				en,
				Base,
			);
			mainGroup = F71DAEB320EA2B1200DEE489;
			productRefGroup = F71DAEBD20EA2B1200DEE489 /* Products */;
			projectDirPath = "";
			projectRoot = "";
			targets = (
				F71DAEBB20EA2B1200DEE489 /* ViperRestaurants */,
				F71DAECF20EA2B1200DEE489 /* ViperRestaurantsTests */,
			);
		};
/* End PBXProject section */

/* Begin PBXResourcesBuildPhase section */
		F71DAEBA20EA2B1200DEE489 /* Resources */ = {
			isa = PBXResourcesBuildPhase;
			buildActionMask = 2147483647;
			files = (
				F71DAECA20EA2B1200DEE489 /* LaunchScreen.storyboard in Resources */,
				F71DAEC720EA2B1200DEE489 /* Assets.xcassets in Resources */,
				F71DAEC520EA2B1200DEE489 /* Main.storyboard in Resources */,
			);
			runOnlyForDeploymentPostprocessing = 0;
		};
		F71DAECE20EA2B1200DEE489 /* Resources */ = {
			isa = PBXResourcesBuildPhase;
			buildActionMask = 2147483647;
			files = (
			);
			runOnlyForDeploymentPostprocessing = 0;
		};
/* End PBXResourcesBuildPhase section */

/* Begin PBXSourcesBuildPhase section */
		F71DAEB820EA2B1200DEE489 /* Sources */ = {
			isa = PBXSourcesBuildPhase;
			buildActionMask = 2147483647;
			files = (
				F7AFA50120EBB1F7006209CC /* TableViewInteractorOutputProtocol.swift in Sources */,
				F7AFA4FC20EBB0E6006209CC /* TableViewInteractorInputProtocol.swift in Sources */,
				F7AFA4FA20EBB0C2006209CC /* TableViewPresenter.swift in Sources */,
				F7AFA4F520EBAF13006209CC /* TableViewControllerProtocol.swift in Sources */,
				F7CAD3C820EE602200E49827 /* DetailInteractor.swift in Sources */,
				F71DAEE520EA43D100DEE489 /* LoginPresenterProtocol.swift in Sources */,
				F71DAEC220EA2B1200DEE489 /* LoginViewController.swift in Sources */,
				F7AFA50320EBB3B2006209CC /* TableViewInteractor.swift in Sources */,
				F71DAEE120EA393900DEE489 /* LoginViewProtocol.swift in Sources */,
				F71DAEF020EA4A0500DEE489 /* LoginPresenter.swift in Sources */,
				F7CAD3C020EE5F1E00E49827 /* DetailViewController.swift in Sources */,
				F71DAEE920EA445500DEE489 /* LoginCredentials.swift in Sources */,
				F7470FB120EB54AF008E21F8 /* MockLoginNetworking.swift in Sources */,
				F71DAEE720EA440D00DEE489 /* LoginInteractorInputProtocol.swift in Sources */,
				F71DAEF620EA5FF000DEE489 /* NetworkingResult.swift in Sources */,
				F7AFA4F220EBAECD006209CC /* TableViewController.swift in Sources */,
				F7CAD3C220EE5F3700E49827 /* DetailViewProtocol.swift in Sources */,
				F71DAEEB20EA44F700DEE489 /* LoginInteractorOutputProtocol.swift in Sources */,
				F71DAEE320EA433800DEE489 /* NetworkingError.swift in Sources */,
				F7CAD3C620EE5FCF00E49827 /* DetailPresenterProtocol.swift in Sources */,
				F7AFA4FF20EBB112006209CC /* RestaurantModel.swift in Sources */,
				F71DAEF420EA5F6E00DEE489 /* LoginNetworkingProtocol.swift in Sources */,
				F7CAD3CE20EE63DE00E49827 /* DetailInteractorOutputProtocol.swift in Sources */,
				F7AFA4F720EBB068006209CC /* TableViewPresenterProtocol.swift in Sources */,
				F71DAEF220EA4EE500DEE489 /* LoginInteractor.swift in Sources */,
				F7CAD3CA20EE603B00E49827 /* DetailInteractorInputProtocol.swift in Sources */,
				F7AFA50C20ECBEA9006209CC /* TableViewCell.swift in Sources */,
				F7470FAF20EA6CF1008E21F8 /* Router.swift in Sources */,
				F7CAD3A920ECFEFA00E49827 /* ControllerEnum.swift in Sources */,
				F7CAD3C420EE5FC100E49827 /* DetailPresenter.swift in Sources */,
				F7AFA50820EBBFFD006209CC /* TableNetworkingProtocol.swift in Sources */,
				F7AFA50620EBB4D7006209CC /* MockRestaurantListNetworking.swift in Sources */,
				F71DAEC020EA2B1200DEE489 /* AppDelegate.swift in Sources */,
			);
			runOnlyForDeploymentPostprocessing = 0;
		};
		F71DAECC20EA2B1200DEE489 /* Sources */ = {
			isa = PBXSourcesBuildPhase;
			buildActionMask = 2147483647;
			files = (
				F71DAED520EA2B1200DEE489 /* ViperRestaurantsTests.swift in Sources */,
			);
			runOnlyForDeploymentPostprocessing = 0;
		};
/* End PBXSourcesBuildPhase section */

/* Begin PBXTargetDependency section */
		F71DAED220EA2B1200DEE489 /* PBXTargetDependency */ = {
			isa = PBXTargetDependency;
			target = F71DAEBB20EA2B1200DEE489 /* ViperRestaurants */;
			targetProxy = F71DAED120EA2B1200DEE489 /* PBXContainerItemProxy */;
		};
/* End PBXTargetDependency section */

/* Begin PBXVariantGroup section */
		F71DAEC320EA2B1200DEE489 /* Main.storyboard */ = {
			isa = PBXVariantGroup;
			children = (
				F71DAEC420EA2B1200DEE489 /* Base */,
			);
			name = Main.storyboard;
			sourceTree = "<group>";
		};
		F71DAEC820EA2B1200DEE489 /* LaunchScreen.storyboard */ = {
			isa = PBXVariantGroup;
			children = (
				F71DAEC920EA2B1200DEE489 /* Base */,
			);
			name = LaunchScreen.storyboard;
			sourceTree = "<group>";
		};
/* End PBXVariantGroup section */

/* Begin XCBuildConfiguration section */
		F71DAED720EA2B1200DEE489 /* Debug */ = {
			isa = XCBuildConfiguration;
			buildSettings = {
				ALWAYS_SEARCH_USER_PATHS = NO;
				CLANG_ANALYZER_NONNULL = YES;
				CLANG_ANALYZER_NUMBER_OBJECT_CONVERSION = YES_AGGRESSIVE;
				CLANG_CXX_LANGUAGE_STANDARD = "gnu++14";
				CLANG_CXX_LIBRARY = "libc++";
				CLANG_ENABLE_MODULES = YES;
				CLANG_ENABLE_OBJC_ARC = YES;
				CLANG_WARN_BLOCK_CAPTURE_AUTORELEASING = YES;
				CLANG_WARN_BOOL_CONVERSION = YES;
				CLANG_WARN_COMMA = YES;
				CLANG_WARN_CONSTANT_CONVERSION = YES;
				CLANG_WARN_DIRECT_OBJC_ISA_USAGE = YES_ERROR;
				CLANG_WARN_DOCUMENTATION_COMMENTS = YES;
				CLANG_WARN_EMPTY_BODY = YES;
				CLANG_WARN_ENUM_CONVERSION = YES;
				CLANG_WARN_INFINITE_RECURSION = YES;
				CLANG_WARN_INT_CONVERSION = YES;
				CLANG_WARN_NON_LITERAL_NULL_CONVERSION = YES;
				CLANG_WARN_OBJC_LITERAL_CONVERSION = YES;
				CLANG_WARN_OBJC_ROOT_CLASS = YES_ERROR;
				CLANG_WARN_RANGE_LOOP_ANALYSIS = YES;
				CLANG_WARN_STRICT_PROTOTYPES = YES;
				CLANG_WARN_SUSPICIOUS_MOVE = YES;
				CLANG_WARN_UNGUARDED_AVAILABILITY = YES_AGGRESSIVE;
				CLANG_WARN_UNREACHABLE_CODE = YES;
				CLANG_WARN__DUPLICATE_METHOD_MATCH = YES;
				CODE_SIGN_IDENTITY = "iPhone Developer";
				COPY_PHASE_STRIP = NO;
				DEBUG_INFORMATION_FORMAT = dwarf;
				ENABLE_STRICT_OBJC_MSGSEND = YES;
				ENABLE_TESTABILITY = YES;
				GCC_C_LANGUAGE_STANDARD = gnu11;
				GCC_DYNAMIC_NO_PIC = NO;
				GCC_NO_COMMON_BLOCKS = YES;
				GCC_OPTIMIZATION_LEVEL = 0;
				GCC_PREPROCESSOR_DEFINITIONS = (
					"DEBUG=1",
					"$(inherited)",
				);
				GCC_WARN_64_TO_32_BIT_CONVERSION = YES;
				GCC_WARN_ABOUT_RETURN_TYPE = YES_ERROR;
				GCC_WARN_UNDECLARED_SELECTOR = YES;
				GCC_WARN_UNINITIALIZED_AUTOS = YES_AGGRESSIVE;
				GCC_WARN_UNUSED_FUNCTION = YES;
				GCC_WARN_UNUSED_VARIABLE = YES;
				IPHONEOS_DEPLOYMENT_TARGET = 11.2;
				MTL_ENABLE_DEBUG_INFO = YES;
				ONLY_ACTIVE_ARCH = YES;
				SDKROOT = iphoneos;
				SWIFT_ACTIVE_COMPILATION_CONDITIONS = DEBUG;
				SWIFT_OPTIMIZATION_LEVEL = "-Onone";
			};
			name = Debug;
		};
		F71DAED820EA2B1200DEE489 /* Release */ = {
			isa = XCBuildConfiguration;
			buildSettings = {
				ALWAYS_SEARCH_USER_PATHS = NO;
				CLANG_ANALYZER_NONNULL = YES;
				CLANG_ANALYZER_NUMBER_OBJECT_CONVERSION = YES_AGGRESSIVE;
				CLANG_CXX_LANGUAGE_STANDARD = "gnu++14";
				CLANG_CXX_LIBRARY = "libc++";
				CLANG_ENABLE_MODULES = YES;
				CLANG_ENABLE_OBJC_ARC = YES;
				CLANG_WARN_BLOCK_CAPTURE_AUTORELEASING = YES;
				CLANG_WARN_BOOL_CONVERSION = YES;
				CLANG_WARN_COMMA = YES;
				CLANG_WARN_CONSTANT_CONVERSION = YES;
				CLANG_WARN_DIRECT_OBJC_ISA_USAGE = YES_ERROR;
				CLANG_WARN_DOCUMENTATION_COMMENTS = YES;
				CLANG_WARN_EMPTY_BODY = YES;
				CLANG_WARN_ENUM_CONVERSION = YES;
				CLANG_WARN_INFINITE_RECURSION = YES;
				CLANG_WARN_INT_CONVERSION = YES;
				CLANG_WARN_NON_LITERAL_NULL_CONVERSION = YES;
				CLANG_WARN_OBJC_LITERAL_CONVERSION = YES;
				CLANG_WARN_OBJC_ROOT_CLASS = YES_ERROR;
				CLANG_WARN_RANGE_LOOP_ANALYSIS = YES;
				CLANG_WARN_STRICT_PROTOTYPES = YES;
				CLANG_WARN_SUSPICIOUS_MOVE = YES;
				CLANG_WARN_UNGUARDED_AVAILABILITY = YES_AGGRESSIVE;
				CLANG_WARN_UNREACHABLE_CODE = YES;
				CLANG_WARN__DUPLICATE_METHOD_MATCH = YES;
				CODE_SIGN_IDENTITY = "iPhone Developer";
				COPY_PHASE_STRIP = NO;
				DEBUG_INFORMATION_FORMAT = "dwarf-with-dsym";
				ENABLE_NS_ASSERTIONS = NO;
				ENABLE_STRICT_OBJC_MSGSEND = YES;
				GCC_C_LANGUAGE_STANDARD = gnu11;
				GCC_NO_COMMON_BLOCKS = YES;
				GCC_WARN_64_TO_32_BIT_CONVERSION = YES;
				GCC_WARN_ABOUT_RETURN_TYPE = YES_ERROR;
				GCC_WARN_UNDECLARED_SELECTOR = YES;
				GCC_WARN_UNINITIALIZED_AUTOS = YES_AGGRESSIVE;
				GCC_WARN_UNUSED_FUNCTION = YES;
				GCC_WARN_UNUSED_VARIABLE = YES;
				IPHONEOS_DEPLOYMENT_TARGET = 11.2;
				MTL_ENABLE_DEBUG_INFO = NO;
				SDKROOT = iphoneos;
				SWIFT_OPTIMIZATION_LEVEL = "-Owholemodule";
				VALIDATE_PRODUCT = YES;
			};
			name = Release;
		};
		F71DAEDA20EA2B1200DEE489 /* Debug */ = {
			isa = XCBuildConfiguration;
			buildSettings = {
				ASSETCATALOG_COMPILER_APPICON_NAME = AppIcon;
				CODE_SIGN_STYLE = Automatic;
				INFOPLIST_FILE = ViperRestaurants/Info.plist;
				LD_RUNPATH_SEARCH_PATHS = "$(inherited) @executable_path/Frameworks";
				PRODUCT_BUNDLE_IDENTIFIER = com.example.ViperRestaurants;
				PRODUCT_NAME = "$(TARGET_NAME)";
				SWIFT_VERSION = 4.0;
				TARGETED_DEVICE_FAMILY = "1,2";
			};
			name = Debug;
		};
		F71DAEDB20EA2B1200DEE489 /* Release */ = {
			isa = XCBuildConfiguration;
			buildSettings = {
				ASSETCATALOG_COMPILER_APPICON_NAME = AppIcon;
				CODE_SIGN_STYLE = Automatic;
				INFOPLIST_FILE = ViperRestaurants/Info.plist;
				LD_RUNPATH_SEARCH_PATHS = "$(inherited) @executable_path/Frameworks";
				PRODUCT_BUNDLE_IDENTIFIER = com.example.ViperRestaurants;
				PRODUCT_NAME = "$(TARGET_NAME)";
				SWIFT_VERSION = 4.0;
				TARGETED_DEVICE_FAMILY = "1,2";
			};
			name = Release;
		};
		F71DAEDD20EA2B1200DEE489 /* Debug */ = {
			isa = XCBuildConfiguration;
			buildSettings = {
				ALWAYS_EMBED_SWIFT_STANDARD_LIBRARIES = YES;
				BUNDLE_LOADER = "$(TEST_HOST)";
				CODE_SIGN_STYLE = Automatic;
				INFOPLIST_FILE = ViperRestaurantsTests/Info.plist;
				LD_RUNPATH_SEARCH_PATHS = "$(inherited) @executable_path/Frameworks @loader_path/Frameworks";
				PRODUCT_BUNDLE_IDENTIFIER = com.example.ViperRestaurantsTests;
				PRODUCT_NAME = "$(TARGET_NAME)";
				SWIFT_VERSION = 4.0;
				TARGETED_DEVICE_FAMILY = "1,2";
				TEST_HOST = "$(BUILT_PRODUCTS_DIR)/ViperRestaurants.app/ViperRestaurants";
			};
			name = Debug;
		};
		F71DAEDE20EA2B1200DEE489 /* Release */ = {
			isa = XCBuildConfiguration;
			buildSettings = {
				ALWAYS_EMBED_SWIFT_STANDARD_LIBRARIES = YES;
				BUNDLE_LOADER = "$(TEST_HOST)";
				CODE_SIGN_STYLE = Automatic;
				INFOPLIST_FILE = ViperRestaurantsTests/Info.plist;
				LD_RUNPATH_SEARCH_PATHS = "$(inherited) @executable_path/Frameworks @loader_path/Frameworks";
				PRODUCT_BUNDLE_IDENTIFIER = com.example.ViperRestaurantsTests;
				PRODUCT_NAME = "$(TARGET_NAME)";
				SWIFT_VERSION = 4.0;
				TARGETED_DEVICE_FAMILY = "1,2";
				TEST_HOST = "$(BUILT_PRODUCTS_DIR)/ViperRestaurants.app/ViperRestaurants";
			};
			name = Release;
		};
/* End XCBuildConfiguration section */

/* Begin XCConfigurationList section */
		F71DAEB720EA2B1200DEE489 /* Build configuration list for PBXProject "ViperRestaurants" */ = {
			isa = XCConfigurationList;
			buildConfigurations = (
				F71DAED720EA2B1200DEE489 /* Debug */,
				F71DAED820EA2B1200DEE489 /* Release */,
			);
			defaultConfigurationIsVisible = 0;
			defaultConfigurationName = Release;
		};
		F71DAED920EA2B1200DEE489 /* Build configuration list for PBXNativeTarget "ViperRestaurants" */ = {
			isa = XCConfigurationList;
			buildConfigurations = (
				F71DAEDA20EA2B1200DEE489 /* Debug */,
				F71DAEDB20EA2B1200DEE489 /* Release */,
			);
			defaultConfigurationIsVisible = 0;
			defaultConfigurationName = Release;
		};
		F71DAEDC20EA2B1200DEE489 /* Build configuration list for PBXNativeTarget "ViperRestaurantsTests" */ = {
			isa = XCConfigurationList;
			buildConfigurations = (
				F71DAEDD20EA2B1200DEE489 /* Debug */,
				F71DAEDE20EA2B1200DEE489 /* Release */,
			);
			defaultConfigurationIsVisible = 0;
			defaultConfigurationName = Release;
		};
/* End XCConfigurationList section */
	};
	rootObject = F71DAEB420EA2B1200DEE489 /* Project object */;
}
